// !$*UTF8*$!
{
	archiveVersion = 1;
	classes = {
	};
	objectVersion = 50;
	objects = {

/* Begin PBXBuildFile section */
		8411301E21655C34000AFCB2 /* LaunchScreen.storyboard in Resources */ = {isa = PBXBuildFile; fileRef = 8411301C21655C34000AFCB2 /* LaunchScreen.storyboard */; };
		8411302F21655C6B000AFCB2 /* AppDelegate.swift in Sources */ = {isa = PBXBuildFile; fileRef = 8411302621655C6A000AFCB2 /* AppDelegate.swift */; };
		8411303021655C6B000AFCB2 /* PaintingTableViewCell.swift in Sources */ = {isa = PBXBuildFile; fileRef = 8411302721655C6A000AFCB2 /* PaintingTableViewCell.swift */; };
		8411303221655C6B000AFCB2 /* PaintingTableViewCellDelegate.swift in Sources */ = {isa = PBXBuildFile; fileRef = 8411302A21655C6A000AFCB2 /* PaintingTableViewCellDelegate.swift */; };
		8411303321655C6B000AFCB2 /* PaintingViewController.swift in Sources */ = {isa = PBXBuildFile; fileRef = 8411302B21655C6A000AFCB2 /* PaintingViewController.swift */; };
		8411303521655C6B000AFCB2 /* Painting.swift in Sources */ = {isa = PBXBuildFile; fileRef = 8411302D21655C6A000AFCB2 /* Painting.swift */; };
		8411303621655C6B000AFCB2 /* PaintingModel.swift in Sources */ = {isa = PBXBuildFile; fileRef = 8411302E21655C6B000AFCB2 /* PaintingModel.swift */; };
		841EF1F62165B2EB00545609 /* Main.storyboard in Resources */ = {isa = PBXBuildFile; fileRef = 841EF1F52165B2EB00545609 /* Main.storyboard */; };
		84D75A0621656538000671B3 /* PaintingAssets.xcassets in Resources */ = {isa = PBXBuildFile; fileRef = 84D75A0521656538000671B3 /* PaintingAssets.xcassets */; };
/* End PBXBuildFile section */

/* Begin PBXFileReference section */
		8411301021655C33000AFCB2 /* ArtGalleryApp.app */ = {isa = PBXFileReference; explicitFileType = wrapper.application; includeInIndex = 0; path = ArtGalleryApp.app; sourceTree = BUILT_PRODUCTS_DIR; };
		8411301D21655C34000AFCB2 /* Base */ = {isa = PBXFileReference; lastKnownFileType = file.storyboard; name = Base; path = Base.lproj/LaunchScreen.storyboard; sourceTree = "<group>"; };
		8411301F21655C34000AFCB2 /* Info.plist */ = {isa = PBXFileReference; lastKnownFileType = text.plist.xml; path = Info.plist; sourceTree = "<group>"; };
		8411302521655C69000AFCB2 /* ArtGalleryApp-Bridging-Header.h */ = {isa = PBXFileReference; lastKnownFileType = sourcecode.c.h; path = "ArtGalleryApp-Bridging-Header.h"; sourceTree = "<group>"; };
		8411302621655C6A000AFCB2 /* AppDelegate.swift */ = {isa = PBXFileReference; fileEncoding = 4; lastKnownFileType = sourcecode.swift; path = AppDelegate.swift; sourceTree = "<group>"; };
		8411302721655C6A000AFCB2 /* PaintingTableViewCell.swift */ = {isa = PBXFileReference; fileEncoding = 4; lastKnownFileType = sourcecode.swift; path = PaintingTableViewCell.swift; sourceTree = "<group>"; };
		8411302A21655C6A000AFCB2 /* PaintingTableViewCellDelegate.swift */ = {isa = PBXFileReference; fileEncoding = 4; lastKnownFileType = sourcecode.swift; path = PaintingTableViewCellDelegate.swift; sourceTree = "<group>"; };
		8411302B21655C6A000AFCB2 /* PaintingViewController.swift */ = {isa = PBXFileReference; fileEncoding = 4; lastKnownFileType = sourcecode.swift; path = PaintingViewController.swift; sourceTree = "<group>"; };
		8411302D21655C6A000AFCB2 /* Painting.swift */ = {isa = PBXFileReference; fileEncoding = 4; lastKnownFileType = sourcecode.swift; path = Painting.swift; sourceTree = "<group>"; };
		8411302E21655C6B000AFCB2 /* PaintingModel.swift */ = {isa = PBXFileReference; fileEncoding = 4; lastKnownFileType = sourcecode.swift; path = PaintingModel.swift; sourceTree = "<group>"; };
		841EF1F52165B2EB00545609 /* Main.storyboard */ = {isa = PBXFileReference; fileEncoding = 4; lastKnownFileType = file.storyboard; path = Main.storyboard; sourceTree = "<group>"; };
		84D75A0521656538000671B3 /* PaintingAssets.xcassets */ = {isa = PBXFileReference; lastKnownFileType = folder.assetcatalog; name = PaintingAssets.xcassets; path = ../../PaintingAssets.xcassets; sourceTree = "<group>"; };
/* End PBXFileReference section */

/* Begin PBXFrameworksBuildPhase section */
		8411300D21655C33000AFCB2 /* Frameworks */ = {
			isa = PBXFrameworksBuildPhase;
			buildActionMask = 2147483647;
			files = (
			);
			runOnlyForDeploymentPostprocessing = 0;
		};
/* End PBXFrameworksBuildPhase section */

/* Begin PBXGroup section */
		8411300721655C33000AFCB2 = {
			isa = PBXGroup;
			children = (
				8411301221655C33000AFCB2 /* ArtGalleryApp */,
				8411301121655C33000AFCB2 /* Products */,
			);
			sourceTree = "<group>";
		};
		8411301121655C33000AFCB2 /* Products */ = {
			isa = PBXGroup;
			children = (
				8411301021655C33000AFCB2 /* ArtGalleryApp.app */,
			);
			name = Products;
			sourceTree = "<group>";
		};
		8411301221655C33000AFCB2 /* ArtGalleryApp */ = {
			isa = PBXGroup;
			children = (
				8411302621655C6A000AFCB2 /* AppDelegate.swift */,
				8411302D21655C6A000AFCB2 /* Painting.swift */,
				8411302E21655C6B000AFCB2 /* PaintingModel.swift */,
				8411302721655C6A000AFCB2 /* PaintingTableViewCell.swift */,
				841EF1F52165B2EB00545609 /* Main.storyboard */,
				8411302A21655C6A000AFCB2 /* PaintingTableViewCellDelegate.swift */,
				8411302B21655C6A000AFCB2 /* PaintingViewController.swift */,
				84D75A0521656538000671B3 /* PaintingAssets.xcassets */,
				8411301C21655C34000AFCB2 /* LaunchScreen.storyboard */,
				8411301F21655C34000AFCB2 /* Info.plist */,
				8411302521655C69000AFCB2 /* ArtGalleryApp-Bridging-Header.h */,
			);
			path = ArtGalleryApp;
			sourceTree = "<group>";
		};
/* End PBXGroup section */

/* Begin PBXNativeTarget section */
		8411300F21655C33000AFCB2 /* ArtGalleryApp */ = {
			isa = PBXNativeTarget;
			buildConfigurationList = 8411302221655C34000AFCB2 /* Build configuration list for PBXNativeTarget "ArtGalleryApp" */;
			buildPhases = (
				8411300C21655C33000AFCB2 /* Sources */,
				8411300D21655C33000AFCB2 /* Frameworks */,
				8411300E21655C33000AFCB2 /* Resources */,
			);
			buildRules = (
			);
			dependencies = (
			);
			name = ArtGalleryApp;
			productName = ArtGalleryApp;
			productReference = 8411301021655C33000AFCB2 /* ArtGalleryApp.app */;
			productType = "com.apple.product-type.application";
		};
/* End PBXNativeTarget section */

/* Begin PBXProject section */
		8411300821655C33000AFCB2 /* Project object */ = {
			isa = PBXProject;
			attributes = {
				LastSwiftUpdateCheck = 1000;
				LastUpgradeCheck = 1000;
				ORGANIZATIONNAME = Lambda_School_Loaner_18;
				TargetAttributes = {
					8411300F21655C33000AFCB2 = {
						CreatedOnToolsVersion = 10.0;
						LastSwiftMigration = 1000;
					};
				};
			};
			buildConfigurationList = 8411300B21655C33000AFCB2 /* Build configuration list for PBXProject "ArtGalleryApp" */;
			compatibilityVersion = "Xcode 9.3";
			developmentRegion = en;
			hasScannedForEncodings = 0;
			knownRegions = (
				en,
				Base,
			);
			mainGroup = 8411300721655C33000AFCB2;
			productRefGroup = 8411301121655C33000AFCB2 /* Products */;
			projectDirPath = "";
			projectRoot = "";
			targets = (
				8411300F21655C33000AFCB2 /* ArtGalleryApp */,
			);
		};
/* End PBXProject section */

/* Begin PBXResourcesBuildPhase section */
		8411300E21655C33000AFCB2 /* Resources */ = {
			isa = PBXResourcesBuildPhase;
			buildActionMask = 2147483647;
			files = (
				841EF1F62165B2EB00545609 /* Main.storyboard in Resources */,
				84D75A0621656538000671B3 /* PaintingAssets.xcassets in Resources */,
				8411301E21655C34000AFCB2 /* LaunchScreen.storyboard in Resources */,
			);
			runOnlyForDeploymentPostprocessing = 0;
		};
/* End PBXResourcesBuildPhase section */

/* Begin PBXSourcesBuildPhase section */
		8411300C21655C33000AFCB2 /* Sources */ = {
			isa = PBXSourcesBuildPhase;
			buildActionMask = 2147483647;
			files = (
				8411303321655C6B000AFCB2 /* PaintingViewController.swift in Sources */,
				8411303621655C6B000AFCB2 /* PaintingModel.swift in Sources */,
				8411303221655C6B000AFCB2 /* PaintingTableViewCellDelegate.swift in Sources */,
				8411303521655C6B000AFCB2 /* Painting.swift in Sources */,
				8411302F21655C6B000AFCB2 /* AppDelegate.swift in Sources */,
				8411303021655C6B000AFCB2 /* PaintingTableViewCell.swift in Sources */,
			);
			runOnlyForDeploymentPostprocessing = 0;
		};
/* End PBXSourcesBuildPhase section */

/* Begin PBXVariantGroup section */
		8411301C21655C34000AFCB2 /* LaunchScreen.storyboard */ = {
			isa = PBXVariantGroup;
			children = (
				8411301D21655C34000AFCB2 /* Base */,
			);
			name = LaunchScreen.storyboard;
			sourceTree = "<group>";
		};
/* End PBXVariantGroup section */

/* Begin XCBuildConfiguration section */
		8411302021655C34000AFCB2 /* Debug */ = {
			isa = XCBuildConfiguration;
			buildSettings = {
				ALWAYS_SEARCH_USER_PATHS = NO;
				CLANG_ANALYZER_NONNULL = YES;
				CLANG_ANALYZER_NUMBER_OBJECT_CONVERSION = YES_AGGRESSIVE;
				CLANG_CXX_LANGUAGE_STANDARD = "gnu++14";
				CLANG_CXX_LIBRARY = "libc++";
				CLANG_ENABLE_MODULES = YES;
				CLANG_ENABLE_OBJC_ARC = YES;
				CLANG_ENABLE_OBJC_WEAK = YES;
				CLANG_WARN_BLOCK_CAPTURE_AUTORELEASING = YES;
				CLANG_WARN_BOOL_CONVERSION = YES;
				CLANG_WARN_COMMA = YES;
				CLANG_WARN_CONSTANT_CONVERSION = YES;
				CLANG_WARN_DEPRECATED_OBJC_IMPLEMENTATIONS = YES;
				CLANG_WARN_DIRECT_OBJC_ISA_USAGE = YES_ERROR;
				CLANG_WARN_DOCUMENTATION_COMMENTS = YES;
				CLANG_WARN_EMPTY_BODY = YES;
				CLANG_WARN_ENUM_CONVERSION = YES;
				CLANG_WARN_INFINITE_RECURSION = YES;
				CLANG_WARN_INT_CONVERSION = YES;
				CLANG_WARN_NON_LITERAL_NULL_CONVERSION = YES;
				CLANG_WARN_OBJC_IMPLICIT_RETAIN_SELF = YES;
				CLANG_WARN_OBJC_LITERAL_CONVERSION = YES;
				CLANG_WARN_OBJC_ROOT_CLASS = YES_ERROR;
				CLANG_WARN_RANGE_LOOP_ANALYSIS = YES;
				CLANG_WARN_STRICT_PROTOTYPES = YES;
				CLANG_WARN_SUSPICIOUS_MOVE = YES;
				CLANG_WARN_UNGUARDED_AVAILABILITY = YES_AGGRESSIVE;
				CLANG_WARN_UNREACHABLE_CODE = YES;
				CLANG_WARN__DUPLICATE_METHOD_MATCH = YES;
				CODE_SIGN_IDENTITY = "iPhone Developer";
				COPY_PHASE_STRIP = NO;
				DEBUG_INFORMATION_FORMAT = dwarf;
				ENABLE_STRICT_OBJC_MSGSEND = YES;
				ENABLE_TESTABILITY = YES;
				GCC_C_LANGUAGE_STANDARD = gnu11;
				GCC_DYNAMIC_NO_PIC = NO;
				GCC_NO_COMMON_BLOCKS = YES;
				GCC_OPTIMIZATION_LEVEL = 0;
				GCC_PREPROCESSOR_DEFINITIONS = (
					"DEBUG=1",
					"$(inherited)",
				);
				GCC_WARN_64_TO_32_BIT_CONVERSION = YES;
				GCC_WARN_ABOUT_RETURN_TYPE = YES_ERROR;
				GCC_WARN_UNDECLARED_SELECTOR = YES;
				GCC_WARN_UNINITIALIZED_AUTOS = YES_AGGRESSIVE;
				GCC_WARN_UNUSED_FUNCTION = YES;
				GCC_WARN_UNUSED_VARIABLE = YES;
				IPHONEOS_DEPLOYMENT_TARGET = 12.0;
				MTL_ENABLE_DEBUG_INFO = INCLUDE_SOURCE;
				MTL_FAST_MATH = YES;
				ONLY_ACTIVE_ARCH = YES;
				SDKROOT = iphoneos;
				SWIFT_ACTIVE_COMPILATION_CONDITIONS = DEBUG;
				SWIFT_OPTIMIZATION_LEVEL = "-Onone";
			};
			name = Debug;
		};
		8411302121655C34000AFCB2 /* Release */ = {
			isa = XCBuildConfiguration;
			buildSettings = {
				ALWAYS_SEARCH_USER_PATHS = NO;
				CLANG_ANALYZER_NONNULL = YES;
				CLANG_ANALYZER_NUMBER_OBJECT_CONVERSION = YES_AGGRESSIVE;
				CLANG_CXX_LANGUAGE_STANDARD = "gnu++14";
				CLANG_CXX_LIBRARY = "libc++";
				CLANG_ENABLE_MODULES = YES;
				CLANG_ENABLE_OBJC_ARC = YES;
				CLANG_ENABLE_OBJC_WEAK = YES;
				CLANG_WARN_BLOCK_CAPTURE_AUTORELEASING = YES;
				CLANG_WARN_BOOL_CONVERSION = YES;
				CLANG_WARN_COMMA = YES;
				CLANG_WARN_CONSTANT_CONVERSION = YES;
				CLANG_WARN_DEPRECATED_OBJC_IMPLEMENTATIONS = YES;
				CLANG_WARN_DIRECT_OBJC_ISA_USAGE = YES_ERROR;
				CLANG_WARN_DOCUMENTATION_COMMENTS = YES;
				CLANG_WARN_EMPTY_BODY = YES;
				CLANG_WARN_ENUM_CONVERSION = YES;
				CLANG_WARN_INFINITE_RECURSION = YES;
				CLANG_WARN_INT_CONVERSION = YES;
				CLANG_WARN_NON_LITERAL_NULL_CONVERSION = YES;
				CLANG_WARN_OBJC_IMPLICIT_RETAIN_SELF = YES;
				CLANG_WARN_OBJC_LITERAL_CONVERSION = YES;
				CLANG_WARN_OBJC_ROOT_CLASS = YES_ERROR;
				CLANG_WARN_RANGE_LOOP_ANALYSIS = YES;
				CLANG_WARN_STRICT_PROTOTYPES = YES;
				CLANG_WARN_SUSPICIOUS_MOVE = YES;
				CLANG_WARN_UNGUARDED_AVAILABILITY = YES_AGGRESSIVE;
				CLANG_WARN_UNREACHABLE_CODE = YES;
				CLANG_WARN__DUPLICATE_METHOD_MATCH = YES;
				CODE_SIGN_IDENTITY = "iPhone Developer";
				COPY_PHASE_STRIP = NO;
				DEBUG_INFORMATION_FORMAT = "dwarf-with-dsym";
				ENABLE_NS_ASSERTIONS = NO;
				ENABLE_STRICT_OBJC_MSGSEND = YES;
				GCC_C_LANGUAGE_STANDARD = gnu11;
				GCC_NO_COMMON_BLOCKS = YES;
				GCC_WARN_64_TO_32_BIT_CONVERSION = YES;
				GCC_WARN_ABOUT_RETURN_TYPE = YES_ERROR;
				GCC_WARN_UNDECLARED_SELECTOR = YES;
				GCC_WARN_UNINITIALIZED_AUTOS = YES_AGGRESSIVE;
				GCC_WARN_UNUSED_FUNCTION = YES;
				GCC_WARN_UNUSED_VARIABLE = YES;
				IPHONEOS_DEPLOYMENT_TARGET = 12.0;
				MTL_ENABLE_DEBUG_INFO = NO;
				MTL_FAST_MATH = YES;
				SDKROOT = iphoneos;
				SWIFT_COMPILATION_MODE = wholemodule;
				SWIFT_OPTIMIZATION_LEVEL = "-O";
				VALIDATE_PRODUCT = YES;
			};
			name = Release;
		};
		8411302321655C34000AFCB2 /* Debug */ = {
			isa = XCBuildConfiguration;
			buildSettings = {
				ASSETCATALOG_COMPILER_APPICON_NAME = AppIcon;
				CLANG_ENABLE_MODULES = YES;
				CODE_SIGN_STYLE = Automatic;
				DEVELOPMENT_TEAM = "";
				INFOPLIST_FILE = ArtGalleryApp/Info.plist;
				LD_RUNPATH_SEARCH_PATHS = (
					"$(inherited)",
					"@executable_path/Frameworks",
				);
				PRODUCT_BUNDLE_IDENTIFIER = com.lambdaschoolsd.ArtGalleryApp;
				PRODUCT_NAME = "$(TARGET_NAME)";
				SWIFT_OBJC_BRIDGING_HEADER = "ArtGalleryApp/ArtGalleryApp-Bridging-Header.h";
				SWIFT_OPTIMIZATION_LEVEL = "-Onone";
				SWIFT_VERSION = 4.2;
				TARGETED_DEVICE_FAMILY = "1,2";
			};
			name = Debug;
		};
		8411302421655C34000AFCB2 /* Release */ = {
			isa = XCBuildConfiguration;
			buildSettings = {
				ASSETCATALOG_COMPILER_APPICON_NAME = AppIcon;
				CLANG_ENABLE_MODULES = YES;
				CODE_SIGN_STYLE = Automatic;
				DEVELOPMENT_TEAM = "";
				INFOPLIST_FILE = ArtGalleryApp/Info.plist;
				LD_RUNPATH_SEARCH_PATHS = (
					"$(inherited)",
					"@executable_path/Frameworks",
				);
				PRODUCT_BUNDLE_IDENTIFIER = com.lambdaschoolsd.ArtGalleryApp;
				PRODUCT_NAME = "$(TARGET_NAME)";
				SWIFT_OBJC_BRIDGING_HEADER = "ArtGalleryApp/ArtGalleryApp-Bridging-Header.h";
				SWIFT_VERSION = 4.2;
				TARGETED_DEVICE_FAMILY = "1,2";
			};
			name = Release;
		};
/* End XCBuildConfiguration section */

/* Begin XCConfigurationList section */
		8411300B21655C33000AFCB2 /* Build configuration list for PBXProject "ArtGalleryApp" */ = {
			isa = XCConfigurationList;
			buildConfigurations = (
				8411302021655C34000AFCB2 /* Debug */,
				8411302121655C34000AFCB2 /* Release */,
			);
			defaultConfigurationIsVisible = 0;
			defaultConfigurationName = Release;
		};
		8411302221655C34000AFCB2 /* Build configuration list for PBXNativeTarget "ArtGalleryApp" */ = {
			isa = XCConfigurationList;
			buildConfigurations = (
				8411302321655C34000AFCB2 /* Debug */,
				8411302421655C34000AFCB2 /* Release */,
			);
			defaultConfigurationIsVisible = 0;
			defaultConfigurationName = Release;
		};
/* End XCConfigurationList section */
	};
	rootObject = 8411300821655C33000AFCB2 /* Project object */;
}
